
Microsoft Visual Studio Solution File, Format Version 12.00
# Visual Studio Version 17
VisualStudioVersion = 17.14.36705.20 d17.14
MinimumVisualStudioVersion = 10.0.40219.1
Project("{FAE04EC0-301F-11D3-BF4B-00C04F79EFBC}") = "Identity.Api", "Identity\Identity.Api.csproj", "{7EC64407-67BF-407B-89C2-B33470C94229}"
EndProject
Project("{FAE04EC0-301F-11D3-BF4B-00C04F79EFBC}") = "Identity.Domain", "Identity.Domain\Identity.Domain.csproj", "{3E09F2E3-99A8-473B-B63F-2B7392BBDD61}"
EndProject
Project("{FAE04EC0-301F-11D3-BF4B-00C04F79EFBC}") = "Identity.Shared", "Identity.Shared\Identity.Shared.csproj", "{A7276F2A-C00F-4EE0-BCFE-D03B7E7A1EB5}"
EndProject
Project("{FAE04EC0-301F-11D3-BF4B-00C04F79EFBC}") = "Identity.Infrastrcture", "Identity.Infrastrcture\Identity.Infrastrcture.csproj", "{33D0CC38-6A90-4D63-AAAE-50755BEFBDD7}"
EndProject
Project("{FAE04EC0-301F-11D3-BF4B-00C04F79EFBC}") = "Identity.Application", "Identity.Application\Identity.Application.csproj", "{A3BD160D-49DF-4957-B730-715B2EB863ED}"
EndProject
Global
	GlobalSection(SolutionConfigurationPlatforms) = preSolution
		Debug|Any CPU = Debug|Any CPU
		Release|Any CPU = Release|Any CPU
	EndGlobalSection
	GlobalSection(ProjectConfigurationPlatforms) = postSolution
		{7EC64407-67BF-407B-89C2-B33470C94229}.Debug|Any CPU.ActiveCfg = Debug|Any CPU
		{7EC64407-67BF-407B-89C2-B33470C94229}.Debug|Any CPU.Build.0 = Debug|Any CPU
		{7EC64407-67BF-407B-89C2-B33470C94229}.Release|Any CPU.ActiveCfg = Release|Any CPU
		{7EC64407-67BF-407B-89C2-B33470C94229}.Release|Any CPU.Build.0 = Release|Any CPU
		{3E09F2E3-99A8-473B-B63F-2B7392BBDD61}.Debug|Any CPU.ActiveCfg = Debug|Any CPU
		{3E09F2E3-99A8-473B-B63F-2B7392BBDD61}.Debug|Any CPU.Build.0 = Debug|Any CPU
		{3E09F2E3-99A8-473B-B63F-2B7392BBDD61}.Release|Any CPU.ActiveCfg = Release|Any CPU
		{3E09F2E3-99A8-473B-B63F-2B7392BBDD61}.Release|Any CPU.Build.0 = Release|Any CPU
		{A7276F2A-C00F-4EE0-BCFE-D03B7E7A1EB5}.Debug|Any CPU.ActiveCfg = Debug|Any CPU
		{A7276F2A-C00F-4EE0-BCFE-D03B7E7A1EB5}.Debug|Any CPU.Build.0 = Debug|Any CPU
		{A7276F2A-C00F-4EE0-BCFE-D03B7E7A1EB5}.Release|Any CPU.ActiveCfg = Release|Any CPU
		{A7276F2A-C00F-4EE0-BCFE-D03B7E7A1EB5}.Release|Any CPU.Build.0 = Release|Any CPU
		{33D0CC38-6A90-4D63-AAAE-50755BEFBDD7}.Debug|Any CPU.ActiveCfg = Debug|Any CPU
		{33D0CC38-6A90-4D63-AAAE-50755BEFBDD7}.Debug|Any CPU.Build.0 = Debug|Any CPU
		{33D0CC38-6A90-4D63-AAAE-50755BEFBDD7}.Release|Any CPU.ActiveCfg = Release|Any CPU
		{33D0CC38-6A90-4D63-AAAE-50755BEFBDD7}.Release|Any CPU.Build.0 = Release|Any CPU
		{A3BD160D-49DF-4957-B730-715B2EB863ED}.Debug|Any CPU.ActiveCfg = Debug|Any CPU
		{A3BD160D-49DF-4957-B730-715B2EB863ED}.Debug|Any CPU.Build.0 = Debug|Any CPU
		{A3BD160D-49DF-4957-B730-715B2EB863ED}.Release|Any CPU.ActiveCfg = Release|Any CPU
		{A3BD160D-49DF-4957-B730-715B2EB863ED}.Release|Any CPU.Build.0 = Release|Any CPU
	EndGlobalSection
	GlobalSection(SolutionProperties) = preSolution
		HideSolutionNode = FALSE
	EndGlobalSection
	GlobalSection(ExtensibilityGlobals) = postSolution
		SolutionGuid = {60683281-6ACF-4EF6-90E9-A58389E33E2E}
	EndGlobalSection
EndGlobal
